
Microsoft Visual Studio Solution File, Format Version 12.00
# Visual Studio Version 17
VisualStudioVersion = 17.14.36414.22 d17.14
MinimumVisualStudioVersion = 10.0.40219.1
Project("{FAE04EC0-301F-11D3-BF4B-00C04F79EFBC}") = "Actividad5", "Actividad5\Actividad5.csproj", "{659A22F8-085C-C5AD-63D2-27C5920C4B86}"
EndProject
Global
	GlobalSection(SolutionConfigurationPlatforms) = preSolution
		Debug|Any CPU = Debug|Any CPU
		Release|Any CPU = Release|Any CPU
	EndGlobalSection
	GlobalSection(ProjectConfigurationPlatforms) = postSolution
		{659A22F8-085C-C5AD-63D2-27C5920C4B86}.Debug|Any CPU.ActiveCfg = Debug|Any CPU
		{659A22F8-085C-C5AD-63D2-27C5920C4B86}.Debug|Any CPU.Build.0 = Debug|Any CPU
		{659A22F8-085C-C5AD-63D2-27C5920C4B86}.Release|Any CPU.ActiveCfg = Release|Any CPU
		{659A22F8-085C-C5AD-63D2-27C5920C4B86}.Release|Any CPU.Build.0 = Release|Any CPU
	EndGlobalSection
	GlobalSection(SolutionProperties) = preSolution
		HideSolutionNode = FALSE
	EndGlobalSection
	GlobalSection(ExtensibilityGlobals) = postSolution
		SolutionGuid = {E53115CA-F064-4FB5-80CD-1201A8FC0A3D}
	EndGlobalSection
EndGlobal
