
Microsoft Visual Studio Solution File, Format Version 12.00
# Visual Studio Version 17
VisualStudioVersion = 17.8.34525.116
MinimumVisualStudioVersion = 10.0.40219.1
Project("{FAE04EC0-301F-11D3-BF4B-00C04F79EFBC}") = "Actividad7B", "Actividad7B\Actividad7B.csproj", "{E515358E-8B3E-452C-BF8A-EB2B0A1BC397}"
EndProject
Global
	GlobalSection(SolutionConfigurationPlatforms) = preSolution
		Debug|Any CPU = Debug|Any CPU
		Release|Any CPU = Release|Any CPU
	EndGlobalSection
	GlobalSection(ProjectConfigurationPlatforms) = postSolution
		{E515358E-8B3E-452C-BF8A-EB2B0A1BC397}.Debug|Any CPU.ActiveCfg = Debug|Any CPU
		{E515358E-8B3E-452C-BF8A-EB2B0A1BC397}.Debug|Any CPU.Build.0 = Debug|Any CPU
		{E515358E-8B3E-452C-BF8A-EB2B0A1BC397}.Release|Any CPU.ActiveCfg = Release|Any CPU
		{E515358E-8B3E-452C-BF8A-EB2B0A1BC397}.Release|Any CPU.Build.0 = Release|Any CPU
	EndGlobalSection
	GlobalSection(SolutionProperties) = preSolution
		HideSolutionNode = FALSE
	EndGlobalSection
	GlobalSection(ExtensibilityGlobals) = postSolution
		SolutionGuid = {038B339F-9E83-4FE3-BB15-56E0D74F9F24}
	EndGlobalSection
EndGlobal
