
Microsoft Visual Studio Solution File, Format Version 12.00
# Visual Studio Version 17
VisualStudioVersion = 17.6.33723.286
MinimumVisualStudioVersion = 10.0.40219.1
Project("{FAE04EC0-301F-11D3-BF4B-00C04F79EFBC}") = "Actividad9", "Actividad9\Actividad9.csproj", "{B6920321-520B-4EA9-827D-F17214814EB6}"
EndProject
Global
	GlobalSection(SolutionConfigurationPlatforms) = preSolution
		Debug|Any CPU = Debug|Any CPU
		Release|Any CPU = Release|Any CPU
	EndGlobalSection
	GlobalSection(ProjectConfigurationPlatforms) = postSolution
		{B6920321-520B-4EA9-827D-F17214814EB6}.Debug|Any CPU.ActiveCfg = Debug|Any CPU
		{B6920321-520B-4EA9-827D-F17214814EB6}.Debug|Any CPU.Build.0 = Debug|Any CPU
		{B6920321-520B-4EA9-827D-F17214814EB6}.Release|Any CPU.ActiveCfg = Release|Any CPU
		{B6920321-520B-4EA9-827D-F17214814EB6}.Release|Any CPU.Build.0 = Release|Any CPU
	EndGlobalSection
	GlobalSection(SolutionProperties) = preSolution
		HideSolutionNode = FALSE
	EndGlobalSection
	GlobalSection(ExtensibilityGlobals) = postSolution
		SolutionGuid = {A622016E-4A1B-4555-B07B-16A3AA68965E}
	EndGlobalSection
EndGlobal
