
Microsoft Visual Studio Solution File, Format Version 12.00
# Visual Studio Version 17
VisualStudioVersion = 17.14.36414.22 d17.14
MinimumVisualStudioVersion = 10.0.40219.1
Project("{FAE04EC0-301F-11D3-BF4B-00C04F79EFBC}") = "MontecasteloAuthDemo", "MontecasteloAuthDemo.csproj", "{1618BD40-D913-811D-91E1-E53CE82CF56D}"
EndProject
Global
	GlobalSection(SolutionConfigurationPlatforms) = preSolution
		Debug|Any CPU = Debug|Any CPU
		Release|Any CPU = Release|Any CPU
	EndGlobalSection
	GlobalSection(ProjectConfigurationPlatforms) = postSolution
		{1618BD40-D913-811D-91E1-E53CE82CF56D}.Debug|Any CPU.ActiveCfg = Debug|Any CPU
		{1618BD40-D913-811D-91E1-E53CE82CF56D}.Debug|Any CPU.Build.0 = Debug|Any CPU
		{1618BD40-D913-811D-91E1-E53CE82CF56D}.Release|Any CPU.ActiveCfg = Release|Any CPU
		{1618BD40-D913-811D-91E1-E53CE82CF56D}.Release|Any CPU.Build.0 = Release|Any CPU
	EndGlobalSection
	GlobalSection(SolutionProperties) = preSolution
		HideSolutionNode = FALSE
	EndGlobalSection
	GlobalSection(ExtensibilityGlobals) = postSolution
		SolutionGuid = {7DB48C16-4793-4583-B63B-09243E46CBBF}
	EndGlobalSection
EndGlobal
