
Microsoft Visual Studio Solution File, Format Version 12.00
# Visual Studio Version 17
VisualStudioVersion = 17.5.33516.290
MinimumVisualStudioVersion = 10.0.40219.1
Project("{FAE04EC0-301F-11D3-BF4B-00C04F79EFBC}") = "Ejercicio2", "Ejercicio2\Ejercicio2.csproj", "{AE84F554-7394-45E1-8037-CEEBD278F4A3}"
EndProject
Global
	GlobalSection(SolutionConfigurationPlatforms) = preSolution
		Debug|Any CPU = Debug|Any CPU
		Release|Any CPU = Release|Any CPU
	EndGlobalSection
	GlobalSection(ProjectConfigurationPlatforms) = postSolution
		{AE84F554-7394-45E1-8037-CEEBD278F4A3}.Debug|Any CPU.ActiveCfg = Debug|Any CPU
		{AE84F554-7394-45E1-8037-CEEBD278F4A3}.Debug|Any CPU.Build.0 = Debug|Any CPU
		{AE84F554-7394-45E1-8037-CEEBD278F4A3}.Release|Any CPU.ActiveCfg = Release|Any CPU
		{AE84F554-7394-45E1-8037-CEEBD278F4A3}.Release|Any CPU.Build.0 = Release|Any CPU
	EndGlobalSection
	GlobalSection(SolutionProperties) = preSolution
		HideSolutionNode = FALSE
	EndGlobalSection
	GlobalSection(ExtensibilityGlobals) = postSolution
		SolutionGuid = {DB2B18D8-FA0C-4135-BD3C-A9B8F119262C}
	EndGlobalSection
EndGlobal
