
Microsoft Visual Studio Solution File, Format Version 12.00
# Visual Studio Version 17
VisualStudioVersion = 17.14.36414.22 d17.14
MinimumVisualStudioVersion = 10.0.40219.1
Project("{FAE04EC0-301F-11D3-BF4B-00C04F79EFBC}") = "UD5Modelo", "UD5Modelo\UD5Modelo.csproj", "{12B30B09-799D-4D48-B14B-6870FC96DEAE}"
EndProject
Global
	GlobalSection(SolutionConfigurationPlatforms) = preSolution
		Debug|Any CPU = Debug|Any CPU
		Release|Any CPU = Release|Any CPU
	EndGlobalSection
	GlobalSection(ProjectConfigurationPlatforms) = postSolution
		{12B30B09-799D-4D48-B14B-6870FC96DEAE}.Debug|Any CPU.ActiveCfg = Debug|Any CPU
		{12B30B09-799D-4D48-B14B-6870FC96DEAE}.Debug|Any CPU.Build.0 = Debug|Any CPU
		{12B30B09-799D-4D48-B14B-6870FC96DEAE}.Release|Any CPU.ActiveCfg = Release|Any CPU
		{12B30B09-799D-4D48-B14B-6870FC96DEAE}.Release|Any CPU.Build.0 = Release|Any CPU
	EndGlobalSection
	GlobalSection(SolutionProperties) = preSolution
		HideSolutionNode = FALSE
	EndGlobalSection
	GlobalSection(ExtensibilityGlobals) = postSolution
		SolutionGuid = {AA29F713-83EC-4B0B-8619-F720D5DC0432}
	EndGlobalSection
EndGlobal
