
Microsoft Visual Studio Solution File, Format Version 12.00
# Visual Studio Version 17
VisualStudioVersion = 17.8.34525.116
MinimumVisualStudioVersion = 10.0.40219.1
Project("{FAE04EC0-301F-11D3-BF4B-00C04F79EFBC}") = "Actividad5B", "Actividad5B\Actividad5B.csproj", "{2A69C0AC-1709-5A08-4B49-DAF4E76B8432}"
EndProject
Global
	GlobalSection(SolutionConfigurationPlatforms) = preSolution
		Debug|Any CPU = Debug|Any CPU
		Release|Any CPU = Release|Any CPU
	EndGlobalSection
	GlobalSection(ProjectConfigurationPlatforms) = postSolution
		{2A69C0AC-1709-5A08-4B49-DAF4E76B8432}.Debug|Any CPU.ActiveCfg = Debug|Any CPU
		{2A69C0AC-1709-5A08-4B49-DAF4E76B8432}.Debug|Any CPU.Build.0 = Debug|Any CPU
		{2A69C0AC-1709-5A08-4B49-DAF4E76B8432}.Release|Any CPU.ActiveCfg = Release|Any CPU
		{2A69C0AC-1709-5A08-4B49-DAF4E76B8432}.Release|Any CPU.Build.0 = Release|Any CPU
	EndGlobalSection
	GlobalSection(SolutionProperties) = preSolution
		HideSolutionNode = FALSE
	EndGlobalSection
	GlobalSection(ExtensibilityGlobals) = postSolution
		SolutionGuid = {4CBC642E-A23E-42EB-8C21-99DEB8C7028C}
	EndGlobalSection
EndGlobal
