
Microsoft Visual Studio Solution File, Format Version 12.00
# Visual Studio Version 17
VisualStudioVersion = 17.14.36414.22 d17.14
MinimumVisualStudioVersion = 10.0.40219.1
Project("{FAE04EC0-301F-11D3-BF4B-00C04F79EFBC}") = "Forum", "Forum\Forum.csproj", "{B9390E1B-B56B-44D8-AAED-3BA1FD390456}"
EndProject
Global
	GlobalSection(SolutionConfigurationPlatforms) = preSolution
		Debug|Any CPU = Debug|Any CPU
		Release|Any CPU = Release|Any CPU
	EndGlobalSection
	GlobalSection(ProjectConfigurationPlatforms) = postSolution
		{B9390E1B-B56B-44D8-AAED-3BA1FD390456}.Debug|Any CPU.ActiveCfg = Debug|Any CPU
		{B9390E1B-B56B-44D8-AAED-3BA1FD390456}.Debug|Any CPU.Build.0 = Debug|Any CPU
		{B9390E1B-B56B-44D8-AAED-3BA1FD390456}.Release|Any CPU.ActiveCfg = Release|Any CPU
		{B9390E1B-B56B-44D8-AAED-3BA1FD390456}.Release|Any CPU.Build.0 = Release|Any CPU
	EndGlobalSection
	GlobalSection(SolutionProperties) = preSolution
		HideSolutionNode = FALSE
	EndGlobalSection
	GlobalSection(ExtensibilityGlobals) = postSolution
		SolutionGuid = {97041D81-9FFE-4B83-9899-AE7ACA0173DA}
	EndGlobalSection
EndGlobal
